
Microsoft Visual Studio Solution File, Format Version 12.00
# Visual Studio Version 16
VisualStudioVersion = 16.0.30907.101
MinimumVisualStudioVersion = 10.0.40219.1
Project("{FAE04EC0-301F-11D3-BF4B-00C04F79EFBC}") = "ekzamen", "ekzamen\ekzamen.csproj", "{DFEF6305-1490-4E7E-A2D0-C4C75A080390}"
EndProject
Global
	GlobalSection(SolutionConfigurationPlatforms) = preSolution
		Debug|Any CPU = Debug|Any CPU
		Release|Any CPU = Release|Any CPU
	EndGlobalSection
	GlobalSection(ProjectConfigurationPlatforms) = postSolution
		{DFEF6305-1490-4E7E-A2D0-C4C75A080390}.Debug|Any CPU.ActiveCfg = Debug|Any CPU
		{DFEF6305-1490-4E7E-A2D0-C4C75A080390}.Debug|Any CPU.Build.0 = Debug|Any CPU
		{DFEF6305-1490-4E7E-A2D0-C4C75A080390}.Release|Any CPU.ActiveCfg = Release|Any CPU
		{DFEF6305-1490-4E7E-A2D0-C4C75A080390}.Release|Any CPU.Build.0 = Release|Any CPU
	EndGlobalSection
	GlobalSection(SolutionProperties) = preSolution
		HideSolutionNode = FALSE
	EndGlobalSection
	GlobalSection(ExtensibilityGlobals) = postSolution
		SolutionGuid = {A41491E5-9656-44A5-9D13-75BF0440984C}
	EndGlobalSection
EndGlobal
